
Microsoft Visual Studio Solution File, Format Version 12.00
# Visual Studio Version 17
VisualStudioVersion = 17.14.37301.10 d17.14
MinimumVisualStudioVersion = 10.0.40219.1
Project("{FAE04EC0-301F-11D3-BF4B-00C04F79EFBC}") = "UpravljanjeZgradama", "UpravljanjeZgradama.csproj", "{CE54B099-4C82-4E07-859C-CFE78849413E}"
EndProject
Global
	GlobalSection(SolutionConfigurationPlatforms) = preSolution
		Debug|Any CPU = Debug|Any CPU
		Release|Any CPU = Release|Any CPU
	EndGlobalSection
	GlobalSection(ProjectConfigurationPlatforms) = postSolution
		{CE54B099-4C82-4E07-859C-CFE78849413E}.Debug|Any CPU.ActiveCfg = Debug|Any CPU
		{CE54B099-4C82-4E07-859C-CFE78849413E}.Debug|Any CPU.Build.0 = Debug|Any CPU
		{CE54B099-4C82-4E07-859C-CFE78849413E}.Release|Any CPU.ActiveCfg = Release|Any CPU
		{CE54B099-4C82-4E07-859C-CFE78849413E}.Release|Any CPU.Build.0 = Release|Any CPU
	EndGlobalSection
	GlobalSection(SolutionProperties) = preSolution
		HideSolutionNode = FALSE
	EndGlobalSection
	GlobalSection(ExtensibilityGlobals) = postSolution
		SolutionGuid = {2751D9BF-7027-4DFC-A2C6-4A4A969D0B89}
	EndGlobalSection
EndGlobal
